{
  "version": "v1",
  "packages": {
    "@corbado/web-core": {
      "signature": "282e4f12c72be9aa411ba3d5d31a5333",
      "file": true,
      "replaced": "^0.1.6"
    },
    "@corbado/react-sdk": {
      "signature": "d306d0c40e7c695896c07e1ebeeac8b3",
      "file": true,
      "replaced": "^0.1.6"
    }
  }
}